// !$*UTF8*$!
{
	archiveVersion = 1;
	classes = {
	};
	objectVersion = 50;
	objects = {

/* Begin PBXBuildFile section */
		6D289E04256EC5CC00CA263E /* Challenge1_Unit_ConversionApp.swift in Sources */ = {isa = PBXBuildFile; fileRef = 6D289E03256EC5CC00CA263E /* Challenge1_Unit_ConversionApp.swift */; };
		6D289E06256EC5CC00CA263E /* ContentView.swift in Sources */ = {isa = PBXBuildFile; fileRef = 6D289E05256EC5CC00CA263E /* ContentView.swift */; };
		6D289E08256EC5CC00CA263E /* Assets.xcassets in Resources */ = {isa = PBXBuildFile; fileRef = 6D289E07256EC5CC00CA263E /* Assets.xcassets */; };
		6D289E0B256EC5CC00CA263E /* Preview Assets.xcassets in Resources */ = {isa = PBXBuildFile; fileRef = 6D289E0A256EC5CC00CA263E /* Preview Assets.xcassets */; };
/* End PBXBuildFile section */

/* Begin PBXFileReference section */
		6D289E00256EC5CC00CA263E /* Challenge1 Unit Conversion.app */ = {isa = PBXFileReference; explicitFileType = wrapper.application; includeInIndex = 0; path = "Challenge1 Unit Conversion.app"; sourceTree = BUILT_PRODUCTS_DIR; };
		6D289E03256EC5CC00CA263E /* Challenge1_Unit_ConversionApp.swift */ = {isa = PBXFileReference; lastKnownFileType = sourcecode.swift; path = Challenge1_Unit_ConversionApp.swift; sourceTree = "<group>"; };
		6D289E05256EC5CC00CA263E /* ContentView.swift */ = {isa = PBXFileReference; lastKnownFileType = sourcecode.swift; path = ContentView.swift; sourceTree = "<group>"; };
		6D289E07256EC5CC00CA263E /* Assets.xcassets */ = {isa = PBXFileReference; lastKnownFileType = folder.assetcatalog; path = Assets.xcassets; sourceTree = "<group>"; };
		6D289E0A256EC5CC00CA263E /* Preview Assets.xcassets */ = {isa = PBXFileReference; lastKnownFileType = folder.assetcatalog; path = "Preview Assets.xcassets"; sourceTree = "<group>"; };
		6D289E0C256EC5CC00CA263E /* Info.plist */ = {isa = PBXFileReference; lastKnownFileType = text.plist.xml; path = Info.plist; sourceTree = "<group>"; };
/* End PBXFileReference section */

/* Begin PBXFrameworksBuildPhase section */
		6D289DFD256EC5CC00CA263E /* Frameworks */ = {
			isa = PBXFrameworksBuildPhase;
			buildActionMask = 2147483647;
			files = (
			);
			runOnlyForDeploymentPostprocessing = 0;
		};
/* End PBXFrameworksBuildPhase section */

/* Begin PBXGroup section */
		6D289DF7256EC5CC00CA263E = {
			isa = PBXGroup;
			children = (
				6D289E02256EC5CC00CA263E /* Challenge1 Unit Conversion */,
				6D289E01256EC5CC00CA263E /* Products */,
			);
			sourceTree = "<group>";
		};
		6D289E01256EC5CC00CA263E /* Products */ = {
			isa = PBXGroup;
			children = (
				6D289E00256EC5CC00CA263E /* Challenge1 Unit Conversion.app */,
			);
			name = Products;
			sourceTree = "<group>";
		};
		6D289E02256EC5CC00CA263E /* Challenge1 Unit Conversion */ = {
			isa = PBXGroup;
			children = (
				6D289E03256EC5CC00CA263E /* Challenge1_Unit_ConversionApp.swift */,
				6D289E05256EC5CC00CA263E /* ContentView.swift */,
				6D289E07256EC5CC00CA263E /* Assets.xcassets */,
				6D289E0C256EC5CC00CA263E /* Info.plist */,
				6D289E09256EC5CC00CA263E /* Preview Content */,
			);
			path = "Challenge1 Unit Conversion";
			sourceTree = "<group>";
		};
		6D289E09256EC5CC00CA263E /* Preview Content */ = {
			isa = PBXGroup;
			children = (
				6D289E0A256EC5CC00CA263E /* Preview Assets.xcassets */,
			);
			path = "Preview Content";
			sourceTree = "<group>";
		};
/* End PBXGroup section */

/* Begin PBXNativeTarget section */
		6D289DFF256EC5CC00CA263E /* Challenge1 Unit Conversion */ = {
			isa = PBXNativeTarget;
			buildConfigurationList = 6D289E0F256EC5CC00CA263E /* Build configuration list for PBXNativeTarget "Challenge1 Unit Conversion" */;
			buildPhases = (
				6D289DFC256EC5CC00CA263E /* Sources */,
				6D289DFD256EC5CC00CA263E /* Frameworks */,
				6D289DFE256EC5CC00CA263E /* Resources */,
			);
			buildRules = (
			);
			dependencies = (
			);
			name = "Challenge1 Unit Conversion";
			productName = "Challenge1 Unit Conversion";
			productReference = 6D289E00256EC5CC00CA263E /* Challenge1 Unit Conversion.app */;
			productType = "com.apple.product-type.application";
		};
/* End PBXNativeTarget section */

/* Begin PBXProject section */
		6D289DF8256EC5CC00CA263E /* Project object */ = {
			isa = PBXProject;
			attributes = {
				LastSwiftUpdateCheck = 1220;
				LastUpgradeCheck = 1220;
				TargetAttributes = {
					6D289DFF256EC5CC00CA263E = {
						CreatedOnToolsVersion = 12.2;
					};
				};
			};
			buildConfigurationList = 6D289DFB256EC5CC00CA263E /* Build configuration list for PBXProject "Challenge1 Unit Conversion" */;
			compatibilityVersion = "Xcode 9.3";
			developmentRegion = en;
			hasScannedForEncodings = 0;
			knownRegions = (
				en,
				Base,
			);
			mainGroup = 6D289DF7256EC5CC00CA263E;
			productRefGroup = 6D289E01256EC5CC00CA263E /* Products */;
			projectDirPath = "";
			projectRoot = "";
			targets = (
				6D289DFF256EC5CC00CA263E /* Challenge1 Unit Conversion */,
			);
		};
/* End PBXProject section */

/* Begin PBXResourcesBuildPhase section */
		6D289DFE256EC5CC00CA263E /* Resources */ = {
			isa = PBXResourcesBuildPhase;
			buildActionMask = 2147483647;
			files = (
				6D289E0B256EC5CC00CA263E /* Preview Assets.xcassets in Resources */,
				6D289E08256EC5CC00CA263E /* Assets.xcassets in Resources */,
			);
			runOnlyForDeploymentPostprocessing = 0;
		};
/* End PBXResourcesBuildPhase section */

/* Begin PBXSourcesBuildPhase section */
		6D289DFC256EC5CC00CA263E /* Sources */ = {
			isa = PBXSourcesBuildPhase;
			buildActionMask = 2147483647;
			files = (
				6D289E06256EC5CC00CA263E /* ContentView.swift in Sources */,
				6D289E04256EC5CC00CA263E /* Challenge1_Unit_ConversionApp.swift in Sources */,
			);
			runOnlyForDeploymentPostprocessing = 0;
		};
/* End PBXSourcesBuildPhase section */

/* Begin XCBuildConfiguration section */
		6D289E0D256EC5CC00CA263E /* Debug */ = {
			isa = XCBuildConfiguration;
			buildSettings = {
				ALWAYS_SEARCH_USER_PATHS = NO;
				CLANG_ANALYZER_NONNULL = YES;
				CLANG_ANALYZER_NUMBER_OBJECT_CONVERSION = YES_AGGRESSIVE;
				CLANG_CXX_LANGUAGE_STANDARD = "gnu++14";
				CLANG_CXX_LIBRARY = "libc++";
				CLANG_ENABLE_MODULES = YES;
				CLANG_ENABLE_OBJC_ARC = YES;
				CLANG_ENABLE_OBJC_WEAK = YES;
				CLANG_WARN_BLOCK_CAPTURE_AUTORELEASING = YES;
				CLANG_WARN_BOOL_CONVERSION = YES;
				CLANG_WARN_COMMA = YES;
				CLANG_WARN_CONSTANT_CONVERSION = YES;
				CLANG_WARN_DEPRECATED_OBJC_IMPLEMENTATIONS = YES;
				CLANG_WARN_DIRECT_OBJC_ISA_USAGE = YES_ERROR;
				CLANG_WARN_DOCUMENTATION_COMMENTS = YES;
				CLANG_WARN_EMPTY_BODY = YES;
				CLANG_WARN_ENUM_CONVERSION = YES;
				CLANG_WARN_INFINITE_RECURSION = YES;
				CLANG_WARN_INT_CONVERSION = YES;
				CLANG_WARN_NON_LITERAL_NULL_CONVERSION = YES;
				CLANG_WARN_OBJC_IMPLICIT_RETAIN_SELF = YES;
				CLANG_WARN_OBJC_LITERAL_CONVERSION = YES;
				CLANG_WARN_OBJC_ROOT_CLASS = YES_ERROR;
				CLANG_WARN_QUOTED_INCLUDE_IN_FRAMEWORK_HEADER = YES;
				CLANG_WARN_RANGE_LOOP_ANALYSIS = YES;
				CLANG_WARN_STRICT_PROTOTYPES = YES;
				CLANG_WARN_SUSPICIOUS_MOVE = YES;
				CLANG_WARN_UNGUARDED_AVAILABILITY = YES_AGGRESSIVE;
				CLANG_WARN_UNREACHABLE_CODE = YES;
				CLANG_WARN__DUPLICATE_METHOD_MATCH = YES;
				COPY_PHASE_STRIP = NO;
				DEBUG_INFORMATION_FORMAT = dwarf;
				ENABLE_STRICT_OBJC_MSGSEND = YES;
				ENABLE_TESTABILITY = YES;
				GCC_C_LANGUAGE_STANDARD = gnu11;
				GCC_DYNAMIC_NO_PIC = NO;
				GCC_NO_COMMON_BLOCKS = YES;
				GCC_OPTIMIZATION_LEVEL = 0;
				GCC_PREPROCESSOR_DEFINITIONS = (
					"DEBUG=1",
					"$(inherited)",
				);
				GCC_WARN_64_TO_32_BIT_CONVERSION = YES;
				GCC_WARN_ABOUT_RETURN_TYPE = YES_ERROR;
				GCC_WARN_UNDECLARED_SELECTOR = YES;
				GCC_WARN_UNINITIALIZED_AUTOS = YES_AGGRESSIVE;
				GCC_WARN_UNUSED_FUNCTION = YES;
				GCC_WARN_UNUSED_VARIABLE = YES;
				IPHONEOS_DEPLOYMENT_TARGET = 14.2;
				MTL_ENABLE_DEBUG_INFO = INCLUDE_SOURCE;
				MTL_FAST_MATH = YES;
				ONLY_ACTIVE_ARCH = YES;
				SDKROOT = iphoneos;
				SWIFT_ACTIVE_COMPILATION_CONDITIONS = DEBUG;
				SWIFT_OPTIMIZATION_LEVEL = "-Onone";
			};
			name = Debug;
		};
		6D289E0E256EC5CC00CA263E /* Release */ = {
			isa = XCBuildConfiguration;
			buildSettings = {
				ALWAYS_SEARCH_USER_PATHS = NO;
				CLANG_ANALYZER_NONNULL = YES;
				CLANG_ANALYZER_NUMBER_OBJECT_CONVERSION = YES_AGGRESSIVE;
				CLANG_CXX_LANGUAGE_STANDARD = "gnu++14";
				CLANG_CXX_LIBRARY = "libc++";
				CLANG_ENABLE_MODULES = YES;
				CLANG_ENABLE_OBJC_ARC = YES;
				CLANG_ENABLE_OBJC_WEAK = YES;
				CLANG_WARN_BLOCK_CAPTURE_AUTORELEASING = YES;
				CLANG_WARN_BOOL_CONVERSION = YES;
				CLANG_WARN_COMMA = YES;
				CLANG_WARN_CONSTANT_CONVERSION = YES;
				CLANG_WARN_DEPRECATED_OBJC_IMPLEMENTATIONS = YES;
				CLANG_WARN_DIRECT_OBJC_ISA_USAGE = YES_ERROR;
				CLANG_WARN_DOCUMENTATION_COMMENTS = YES;
				CLANG_WARN_EMPTY_BODY = YES;
				CLANG_WARN_ENUM_CONVERSION = YES;
				CLANG_WARN_INFINITE_RECURSION = YES;
				CLANG_WARN_INT_CONVERSION = YES;
				CLANG_WARN_NON_LITERAL_NULL_CONVERSION = YES;
				CLANG_WARN_OBJC_IMPLICIT_RETAIN_SELF = YES;
				CLANG_WARN_OBJC_LITERAL_CONVERSION = YES;
				CLANG_WARN_OBJC_ROOT_CLASS = YES_ERROR;
				CLANG_WARN_QUOTED_INCLUDE_IN_FRAMEWORK_HEADER = YES;
				CLANG_WARN_RANGE_LOOP_ANALYSIS = YES;
				CLANG_WARN_STRICT_PROTOTYPES = YES;
				CLANG_WARN_SUSPICIOUS_MOVE = YES;
				CLANG_WARN_UNGUARDED_AVAILABILITY = YES_AGGRESSIVE;
				CLANG_WARN_UNREACHABLE_CODE = YES;
				CLANG_WARN__DUPLICATE_METHOD_MATCH = YES;
				COPY_PHASE_STRIP = NO;
				DEBUG_INFORMATION_FORMAT = "dwarf-with-dsym";
				ENABLE_NS_ASSERTIONS = NO;
				ENABLE_STRICT_OBJC_MSGSEND = YES;
				GCC_C_LANGUAGE_STANDARD = gnu11;
				GCC_NO_COMMON_BLOCKS = YES;
				GCC_WARN_64_TO_32_BIT_CONVERSION = YES;
				GCC_WARN_ABOUT_RETURN_TYPE = YES_ERROR;
				GCC_WARN_UNDECLARED_SELECTOR = YES;
				GCC_WARN_UNINITIALIZED_AUTOS = YES_AGGRESSIVE;
				GCC_WARN_UNUSED_FUNCTION = YES;
				GCC_WARN_UNUSED_VARIABLE = YES;
				IPHONEOS_DEPLOYMENT_TARGET = 14.2;
				MTL_ENABLE_DEBUG_INFO = NO;
				MTL_FAST_MATH = YES;
				SDKROOT = iphoneos;
				SWIFT_COMPILATION_MODE = wholemodule;
				SWIFT_OPTIMIZATION_LEVEL = "-O";
				VALIDATE_PRODUCT = YES;
			};
			name = Release;
		};
		6D289E10256EC5CC00CA263E /* Debug */ = {
			isa = XCBuildConfiguration;
			buildSettings = {
				ASSETCATALOG_COMPILER_APPICON_NAME = AppIcon;
				ASSETCATALOG_COMPILER_GLOBAL_ACCENT_COLOR_NAME = AccentColor;
				CODE_SIGN_STYLE = Automatic;
				DEVELOPMENT_ASSET_PATHS = "\"Challenge1 Unit Conversion/Preview Content\"";
				ENABLE_PREVIEWS = YES;
				INFOPLIST_FILE = "Challenge1 Unit Conversion/Info.plist";
				IPHONEOS_DEPLOYMENT_TARGET = 14.0;
				LD_RUNPATH_SEARCH_PATHS = (
					"$(inherited)",
					"@executable_path/Frameworks",
				);
				PRODUCT_BUNDLE_IDENTIFIER = "alexfresneda.Challenge1-Unit-Conversion";
				PRODUCT_NAME = "$(TARGET_NAME)";
				SWIFT_VERSION = 5.0;
				TARGETED_DEVICE_FAMILY = "1,2";
			};
			name = Debug;
		};
		6D289E11256EC5CC00CA263E /* Release */ = {
			isa = XCBuildConfiguration;
			buildSettings = {
				ASSETCATALOG_COMPILER_APPICON_NAME = AppIcon;
				ASSETCATALOG_COMPILER_GLOBAL_ACCENT_COLOR_NAME = AccentColor;
				CODE_SIGN_STYLE = Automatic;
				DEVELOPMENT_ASSET_PATHS = "\"Challenge1 Unit Conversion/Preview Content\"";
				ENABLE_PREVIEWS = YES;
				INFOPLIST_FILE = "Challenge1 Unit Conversion/Info.plist";
				IPHONEOS_DEPLOYMENT_TARGET = 14.0;
				LD_RUNPATH_SEARCH_PATHS = (
					"$(inherited)",
					"@executable_path/Frameworks",
				);
				PRODUCT_BUNDLE_IDENTIFIER = "alexfresneda.Challenge1-Unit-Conversion";
				PRODUCT_NAME = "$(TARGET_NAME)";
				SWIFT_VERSION = 5.0;
				TARGETED_DEVICE_FAMILY = "1,2";
			};
			name = Release;
		};
/* End XCBuildConfiguration section */

/* Begin XCConfigurationList section */
		6D289DFB256EC5CC00CA263E /* Build configuration list for PBXProject "Challenge1 Unit Conversion" */ = {
			isa = XCConfigurationList;
			buildConfigurations = (
				6D289E0D256EC5CC00CA263E /* Debug */,
				6D289E0E256EC5CC00CA263E /* Release */,
			);
			defaultConfigurationIsVisible = 0;
			defaultConfigurationName = Release;
		};
		6D289E0F256EC5CC00CA263E /* Build configuration list for PBXNativeTarget "Challenge1 Unit Conversion" */ = {
			isa = XCConfigurationList;
			buildConfigurations = (
				6D289E10256EC5CC00CA263E /* Debug */,
				6D289E11256EC5CC00CA263E /* Release */,
			);
			defaultConfigurationIsVisible = 0;
			defaultConfigurationName = Release;
		};
/* End XCConfigurationList section */
	};
	rootObject = 6D289DF8256EC5CC00CA263E /* Project object */;
}
